# Generated by pub
# See http://pub.dartlang.org/doc/glossary.html#lockfile
packages:
  browser:
    description: browser
    source: hosted
    version: "0.10.0+2"
  three:
    description:
      ref: null
      resolved-ref: "2b3de25ab4294646830e25eeac65e35835f39fe0"
      url: "https://github.com/threeDart/three.dart.git"
    source: git
    version: "0.2.5+1"
  vector_math:
    description: vector_math
    source: hosted
    version: "1.4.3"
